{"version":4,"terraform_version":"1.10.6","serial":10,"lineage":"5f8ad39d-94b3-c6bb-dcbd-4de767945631","outputs":{"api_url":{"value":"http://skills-dev-1344308094.ap-southeast-6.elb.amazonaws.com","type":"string"},"auth_service_name":{"value":"skills-dev-auth","type":"string"},"cluster_name":{"value":"skills-dev","type":"string"},"db_secret_arn":{"value":"arn:aws:secretsmanager:ap-southeast-6:739489596289:secret:rds!cluster-60f6941b-22d6-4f1a-9c04-696edc8a4275-TRc953","type":"string","sensitive":true},"ecr_repository_url":{"value":"739489596289.dkr.ecr.ap-southeast-6.amazonaws.com/skills-api","type":"string"},"execution_role_arn":{"value":"arn:aws:iam::739489596289:role/skills-dev-ecs-execution","type":"string"},"frontend_url":{"value":"https://d3ce8dxzblk8d3.cloudfront.net","type":"string"},"image_uri":{"value":"739489596289.dkr.ecr.ap-southeast-6.amazonaws.com/skills-api:dev","type":"string"},"load_balancer_dns_name":{"value":"skills-dev-1344308094.ap-southeast-6.elb.amazonaws.com","type":"string"},"mock_issuer_uri":{"value":"http://skills-dev-1344308094.ap-southeast-6.elb.amazonaws.com/default","type":"string"},"rds_endpoint":{"value":"skills-dev.cluster-c5aimg8uyoz2.ap-southeast-6.rds.amazonaws.com","type":"string","sensitive":true},"redis_host":{"value":"master.skills-dev.tpklqa.apse6.cache.amazonaws.com","type":"string"},"s3_bucket_name":{"value":"skills-dev-739489596289-frontend","type":"string"},"service_name":{"value":"skills-dev","type":"string"},"task_role_arn":{"value":"arn:aws:iam::739489596289:role/skills-dev-ecs-task","type":"string"}},"resources":[{"mode":"data","type":"aws_availability_zones","name":"available","provider":"provider[\"registry.opentofu.org/hashicorp/aws\"]","instances":[{"schema_version":0,"attributes":{"all_availability_zones":null,"exclude_names":null,"exclude_zone_ids":null,"filter":null,"group_names":["ap-southeast-6-zg-1"],"id":"ap-southeast-6","names":["ap-southeast-6a","ap-southeast-6b","ap-southeast-6c"],"region":"ap-southeast-6","state":"available","timeouts":null,"zone_ids":["apse6-az1","apse6-az2","apse6-az3"]},"sensitive_attributes":[]}]},{"mode":"data","type":"aws_caller_identity","name":"current","provider":"provider[\"registry.opentofu.org/hashicorp/aws\"]","instances":[{"schema_version":0,"attributes":{"account_id":"739489596289","arn":"arn:aws:sts::739489596289:assumed-role/AWSReservedSSO_AdministratorAccess_9c00820dddcdee84/james-admin","id":"739489596289","user_id":"AROA2YLIDYOAVI4MA76G3:james-admin"},"sensitive_attributes":[]}]},{"mode":"data","type":"aws_iam_policy_document","name":"ecs_assume","provider":"provider[\"registry.opentofu.org/hashicorp/aws\"]","instances":[{"schema_version":0,"attributes":{"id":"1077804475","json":"{\n  \"Version\": \"2012-10-17\",\n  \"Statement\": [\n    {\n      \"Effect\": \"Allow\",\n      \"Action\": \"sts:AssumeRole\",\n      \"Principal\": {\n        \"Service\": \"ecs-tasks.amazonaws.com\"\n      }\n    }\n  ]\n}","minified_json":"{\"Version\":\"2012-10-17\",\"Statement\":[{\"Effect\":\"Allow\",\"Action\":\"sts:AssumeRole\",\"Principal\":{\"Service\":\"ecs-tasks.amazonaws.com\"}}]}","override_json":null,"override_policy_documents":null,"policy_id":null,"source_json":null,"source_policy_documents":null,"statement":[{"actions":["sts:AssumeRole"],"condition":[],"effect":"Allow","not_actions":[],"not_principals":[],"not_resources":[],"principals":[{"identifiers":["ecs-tasks.amazonaws.com"],"type":"Service"}],"resources":[],"sid":""}],"version":"2012-10-17"},"sensitive_attributes":[]}]},{"mode":"data","type":"aws_iam_policy_document","name":"execution_secrets","provider":"provider[\"registry.opentofu.org/hashicorp/aws\"]","instances":[{"schema_version":0,"attributes":{"id":"1604173914","json":"{\n  \"Version\": \"2012-10-17\",\n  \"Statement\": [\n    {\n      \"Effect\": \"Allow\",\n      \"Action\": \"secretsmanager:GetSecretValue\",\n      \"Resource\": \"arn:aws:secretsmanager:ap-southeast-6:739489596289:secret:rds!cluster-60f6941b-22d6-4f1a-9c04-696edc8a4275-TRc953\"\n    }\n  ]\n}","minified_json":"{\"Version\":\"2012-10-17\",\"Statement\":[{\"Effect\":\"Allow\",\"Action\":\"secretsmanager:GetSecretValue\",\"Resource\":\"arn:aws:secretsmanager:ap-southeast-6:739489596289:secret:rds!cluster-60f6941b-22d6-4f1a-9c04-696edc8a4275-TRc953\"}]}","override_json":null,"override_policy_documents":null,"policy_id":null,"source_json":null,"source_policy_documents":null,"statement":[{"actions":["secretsmanager:GetSecretValue"],"condition":[],"effect":"Allow","not_actions":[],"not_principals":[],"not_resources":[],"principals":[],"resources":["arn:aws:secretsmanager:ap-southeast-6:739489596289:secret:rds!cluster-60f6941b-22d6-4f1a-9c04-696edc8a4275-TRc953"],"sid":""}],"version":"2012-10-17"},"sensitive_attributes":[]}]},{"mode":"managed","type":"aws_cloudfront_distribution","name":"frontend","provider":"provider[\"registry.opentofu.org/hashicorp/aws\"]","instances":[{"schema_version":1,"attributes":{"aliases":[],"anycast_ip_list_id":"","arn":"arn:aws:cloudfront::739489596289:distribution/E2Y2KA5IELK2BP","cache_tag_config":[],"caller_reference":"terraform-20260606022128775000000001","comment":"Skills dev frontend distribution","connection_function_association":[],"continuous_deployment_policy_id":"","custom_error_response":[],"default_cache_behavior":[{"allowed_methods":["GET","HEAD"],"cache_policy_id":"","cached_methods":["GET","HEAD"],"compress":false,"default_ttl":86400,"field_level_encryption_id":"","forwarded_values":[{"cookies":[{"forward":"none","whitelisted_names":[]}],"headers":[],"query_string":false,"query_string_cache_keys":[]}],"function_association":[],"grpc_config":[{"enabled":false}],"lambda_function_association":[],"max_ttl":31536000,"min_ttl":0,"origin_request_policy_id":"","realtime_log_config_arn":"","response_headers_policy_id":"","smooth_streaming":false,"target_origin_id":"s3-frontend","trusted_key_groups":[],"trusted_signers":[],"viewer_protocol_policy":"redirect-to-https"}],"default_root_object":"index.html","domain_name":"d3ce8dxzblk8d3.cloudfront.net","enabled":true,"etag":"ETVPDKIKX0DER","hosted_zone_id":"Z2FDTNDATAQYW2","http_version":"http2","id":"E2Y2KA5IELK2BP","in_progress_validation_batches":0,"is_ipv6_enabled":false,"last_modified_time":"2026-06-06 02:48:05.993 +0000 UTC","logging_config":[],"logging_v1_enabled":false,"ordered_cache_behavior":[{"allowed_methods":["DELETE","GET","HEAD","OPTIONS","PATCH","POST","PUT"],"cache_policy_id":"","cached_methods":["GET","HEAD","OPTIONS"],"compress":false,"default_ttl":0,"field_level_encryption_id":"","forwarded_values":[{"cookies":[{"forward":"none","whitelisted_names":[]}],"headers":["Authorization","Content-Type"],"query_string":true,"query_string_cache_keys":[]}],"function_association":[],"grpc_config":[{"enabled":false}],"lambda_function_association":[],"max_ttl":0,"min_ttl":0,"origin_request_policy_id":"","path_pattern":"/api/*","realtime_log_config_arn":"","response_headers_policy_id":"","smooth_streaming":false,"target_origin_id":"alb-api","trusted_key_groups":[],"trusted_signers":[],"viewer_protocol_policy":"redirect-to-https"},{"allowed_methods":["DELETE","GET","HEAD","OPTIONS","PATCH","POST","PUT"],"cache_policy_id":"","cached_methods":["GET","HEAD","OPTIONS"],"compress":false,"default_ttl":0,"field_level_encryption_id":"","forwarded_values":[{"cookies":[{"forward":"none","whitelisted_names":[]}],"headers":["Authorization","Content-Type"],"query_string":true,"query_string_cache_keys":[]}],"function_association":[],"grpc_config":[{"enabled":false}],"lambda_function_association":[],"max_ttl":0,"min_ttl":0,"origin_request_policy_id":"","path_pattern":"/default/*","realtime_log_config_arn":"","response_headers_policy_id":"","smooth_streaming":false,"target_origin_id":"alb-api","trusted_key_groups":[],"trusted_signers":[],"viewer_protocol_policy":"redirect-to-https"}],"origin":[{"connection_attempts":3,"connection_timeout":10,"custom_header":[],"custom_origin_config":[{"http_port":80,"https_port":443,"ip_address_type":"","origin_keepalive_timeout":5,"origin_protocol_policy":"http-only","origin_read_timeout":30,"origin_ssl_protocols":["TLSv1.2"]}],"domain_name":"skills-dev-1344308094.ap-southeast-6.elb.amazonaws.com","origin_access_control_id":"","origin_id":"alb-api","origin_path":"","origin_shield":[],"response_completion_timeout":0,"s3_origin_config":[],"vpc_origin_config":[]},{"connection_attempts":3,"connection_timeout":10,"custom_header":[],"custom_origin_config":[],"domain_name":"skills-dev-739489596289-frontend.s3.ap-southeast-6.amazonaws.com","origin_access_control_id":"EQFR09D5PWM56","origin_id":"s3-frontend","origin_path":"","origin_shield":[],"response_completion_timeout":0,"s3_origin_config":[],"vpc_origin_config":[]}],"origin_group":[],"price_class":"PriceClass_All","restrictions":[{"geo_restriction":[{"locations":[],"restriction_type":"none"}]}],"retain_on_delete":false,"staging":false,"status":"Deployed","tags":{"Name":"skills-dev-frontend"},"tags_all":{"Name":"skills-dev-frontend","environment":"dev","gitRepo":"https://github.com/alphafoobar/symmetrical-broccoli","managed-by":"opentofu","project":"skills","updatedAt":"2026-06-06T02:47:24Z"},"trusted_key_groups":[{"enabled":false,"items":[]}],"trusted_signers":[{"enabled":false,"items":[]}],"viewer_certificate":[{"acm_certificate_arn":"","cloudfront_default_certificate":true,"iam_certificate_id":"","minimum_protocol_version":"TLSv1","ssl_support_method":""}],"viewer_mtls_config":[],"wait_for_deployment":true,"web_acl_id":""},"sensitive_attributes":[],"private":"eyJzY2hlbWFfdmVyc2lvbiI6IjEifQ==","dependencies":["aws_cloudfront_origin_access_control.frontend","aws_lb.main","aws_s3_bucket.frontend","aws_security_group.alb","aws_subnet.public","aws_vpc.main","data.aws_availability_zones.available","data.aws_caller_identity.current"]}]},{"mode":"managed","type":"aws_cloudfront_origin_access_control","name":"frontend","provider":"provider[\"registry.opentofu.org/hashicorp/aws\"]","instances":[{"schema_version":0,"attributes":{"arn":"arn:aws:cloudfront::739489596289:origin-access-control/EQFR09D5PWM56","description":"Managed by Terraform","etag":"ETVPDKIKX0DER","id":"EQFR09D5PWM56","name":"skills-dev-frontend","origin_access_control_origin_type":"s3","signing_behavior":"always","signing_protocol":"sigv4"},"sensitive_attributes":[],"private":"bnVsbA=="}]},{"mode":"managed","type":"aws_cloudwatch_log_group","name":"app","provider":"provider[\"registry.opentofu.org/hashicorp/aws\"]","instances":[{"schema_version":0,"attributes":{"arn":"arn:aws:logs:ap-southeast-6:739489596289:log-group:/ecs/skills-dev","deletion_protection_enabled":false,"id":"/ecs/skills-dev","kms_key_id":"","log_group_class":"STANDARD","name":"/ecs/skills-dev","name_prefix":"","region":"ap-southeast-6","retention_in_days":30,"skip_destroy":false,"tags":{},"tags_all":{"environment":"dev","gitRepo":"https://github.com/alphafoobar/symmetrical-broccoli","managed-by":"opentofu","project":"skills","updatedAt":"2026-06-06T02:47:24Z"}},"sensitive_attributes":[],"private":"bnVsbA=="}]},{"mode":"managed","type":"aws_db_subnet_group","name":"main","provider":"provider[\"registry.opentofu.org/hashicorp/aws\"]","instances":[{"schema_version":0,"attributes":{"arn":"arn:aws:rds:ap-southeast-6:739489596289:subgrp:skills-dev","description":"Managed by Terraform","id":"skills-dev","name":"skills-dev","name_prefix":"","region":"ap-southeast-6","subnet_ids":["subnet-0bbdc355d9ebaef3c","subnet-0e0c9192eec81a188"],"supported_network_types":["IPV4"],"tags":{},"tags_all":{"environment":"dev","gitRepo":"https://github.com/alphafoobar/symmetrical-broccoli","managed-by":"opentofu","project":"skills","updatedAt":"2026-06-06T02:47:24Z"},"vpc_id":"vpc-07460014e58128049"},"sensitive_attributes":[],"private":"bnVsbA==","dependencies":["aws_subnet.private","aws_vpc.main","data.aws_availability_zones.available"]}]},{"mode":"managed","type":"aws_ecr_lifecycle_policy","name":"api","provider":"provider[\"registry.opentofu.org/hashicorp/aws\"]","instances":[{"schema_version":0,"attributes":{"id":"skills-api","policy":"{\"rules\":[{\"action\":{\"type\":\"expire\"},\"description\":\"Keep the last 20 pushed images\",\"rulePriority\":1,\"selection\":{\"countNumber\":20,\"countType\":\"imageCountMoreThan\",\"tagStatus\":\"any\"}}]}","region":"ap-southeast-6","registry_id":"739489596289","repository":"skills-api"},"sensitive_attributes":[],"private":"bnVsbA==","dependencies":["aws_ecr_repository.api"]}]},{"mode":"managed","type":"aws_ecr_repository","name":"api","provider":"provider[\"registry.opentofu.org/hashicorp/aws\"]","instances":[{"schema_version":0,"attributes":{"arn":"arn:aws:ecr:ap-southeast-6:739489596289:repository/skills-api","encryption_configuration":[{"encryption_type":"AES256","kms_key":""}],"force_delete":null,"id":"skills-api","image_scanning_configuration":[{"scan_on_push":true}],"image_tag_mutability":"MUTABLE","image_tag_mutability_exclusion_filter":[],"name":"skills-api","region":"ap-southeast-6","registry_id":"739489596289","repository_url":"739489596289.dkr.ecr.ap-southeast-6.amazonaws.com/skills-api","tags":{},"tags_all":{"environment":"dev","gitRepo":"https://github.com/alphafoobar/symmetrical-broccoli","managed-by":"opentofu","project":"skills","updatedAt":"2026-06-06T02:47:24Z"},"timeouts":null},"sensitive_attributes":[],"private":"eyJlMmJmYjczMC1lY2FhLTExZTYtOGY4OC0zNDM2M2JjN2M0YzAiOnsiZGVsZXRlIjoxMjAwMDAwMDAwMDAwfX0="}]},{"mode":"managed","type":"aws_ecs_cluster","name":"main","provider":"provider[\"registry.opentofu.org/hashicorp/aws\"]","instances":[{"schema_version":0,"attributes":{"arn":"arn:aws:ecs:ap-southeast-6:739489596289:cluster/skills-dev","configuration":[],"id":"arn:aws:ecs:ap-southeast-6:739489596289:cluster/skills-dev","name":"skills-dev","region":"ap-southeast-6","service_connect_defaults":[],"setting":[{"name":"containerInsights","value":"enabled"}],"tags":{},"tags_all":{"environment":"dev","gitRepo":"https://github.com/alphafoobar/symmetrical-broccoli","managed-by":"opentofu","project":"skills","updatedAt":"2026-06-06T02:47:24Z"}},"sensitive_attributes":[],"private":"bnVsbA=="}]},{"mode":"managed","type":"aws_ecs_cluster_capacity_providers","name":"main","provider":"provider[\"registry.opentofu.org/hashicorp/aws\"]","instances":[{"schema_version":0,"attributes":{"capacity_providers":["FARGATE"],"cluster_name":"skills-dev","default_capacity_provider_strategy":[],"id":"skills-dev","region":"ap-southeast-6"},"sensitive_attributes":[],"private":"bnVsbA==","dependencies":["aws_ecs_cluster.main"]}]},{"mode":"managed","type":"aws_ecs_service","name":"app","provider":"provider[\"registry.opentofu.org/hashicorp/aws\"]","instances":[{"schema_version":1,"attributes":{"alarms":[],"arn":"arn:aws:ecs:ap-southeast-6:739489596289:service/skills-dev/skills-dev","availability_zone_rebalancing":"ENABLED","capacity_provider_strategy":[],"cluster":"arn:aws:ecs:ap-southeast-6:739489596289:cluster/skills-dev","deployment_circuit_breaker":[{"enable":true,"rollback":true}],"deployment_configuration":[{"bake_time_in_minutes":"0","canary_configuration":[],"lifecycle_hook":[],"linear_configuration":[],"strategy":"ROLLING"}],"deployment_controller":[{"type":"ECS"}],"deployment_maximum_percent":200,"deployment_minimum_healthy_percent":100,"desired_count":2,"enable_ecs_managed_tags":false,"enable_execute_command":false,"force_delete":null,"force_new_deployment":null,"health_check_grace_period_seconds":0,"iam_role":"/aws-service-role/ecs.amazonaws.com/AWSServiceRoleForECS","id":"arn:aws:ecs:ap-southeast-6:739489596289:service/skills-dev/skills-dev","launch_type":"FARGATE","load_balancer":[{"advanced_configuration":[],"container_name":"app","container_port":8080,"elb_name":"","target_group_arn":"arn:aws:elasticloadbalancing:ap-southeast-6:739489596289:targetgroup/skills-dev/f5b417707fbaefac"}],"name":"skills-dev","network_configuration":[{"assign_public_ip":false,"security_groups":["sg-0773462facacdcfde"],"subnets":["subnet-0bbdc355d9ebaef3c","subnet-0e0c9192eec81a188"]}],"ordered_placement_strategy":[],"placement_constraints":[],"platform_version":"LATEST","propagate_tags":"NONE","region":"ap-southeast-6","scheduling_strategy":"REPLICA","service_connect_configuration":[],"service_registries":[],"sigint_rollback":null,"tags":null,"tags_all":{"environment":"dev","gitRepo":"https://github.com/alphafoobar/symmetrical-broccoli","managed-by":"opentofu","project":"skills","updatedAt":"2026-06-06T02:47:24Z"},"task_definition":"arn:aws:ecs:ap-southeast-6:739489596289:task-definition/skills-dev:1","timeouts":null,"triggers":{},"volume_configuration":[],"vpc_lattice_configurations":[],"wait_for_steady_state":false},"sensitive_attributes":[],"private":"eyJlMmJmYjczMC1lY2FhLTExZTYtOGY4OC0zNDM2M2JjN2M0YzAiOnsiY3JlYXRlIjoxMjAwMDAwMDAwMDAwLCJkZWxldGUiOjEyMDAwMDAwMDAwMDAsInVwZGF0ZSI6MTIwMDAwMDAwMDAwMH0sInNjaGVtYV92ZXJzaW9uIjoiMSJ9","dependencies":["aws_cloudwatch_log_group.app","aws_db_subnet_group.main","aws_ecr_repository.api","aws_ecs_cluster.main","aws_ecs_task_definition.app","aws_elasticache_replication_group.main","aws_elasticache_subnet_group.main","aws_iam_role.execution","aws_iam_role.task","aws_lb.main","aws_lb_listener.http","aws_lb_listener.https","aws_lb_target_group.app","aws_rds_cluster.main","aws_security_group.alb","aws_security_group.app","aws_security_group.cache","aws_security_group.rds","aws_subnet.private","aws_subnet.public","aws_vpc.main","data.aws_availability_zones.available","data.aws_iam_policy_document.ecs_assume"]}]},{"mode":"managed","type":"aws_ecs_service","name":"auth","provider":"provider[\"registry.opentofu.org/hashicorp/aws\"]","instances":[{"schema_version":1,"attributes":{"alarms":[],"arn":"arn:aws:ecs:ap-southeast-6:739489596289:service/skills-dev/skills-dev-auth","availability_zone_rebalancing":"ENABLED","capacity_provider_strategy":[],"cluster":"arn:aws:ecs:ap-southeast-6:739489596289:cluster/skills-dev","deployment_circuit_breaker":[{"enable":true,"rollback":true}],"deployment_configuration":[{"bake_time_in_minutes":"0","canary_configuration":[],"lifecycle_hook":[],"linear_configuration":[],"strategy":"ROLLING"}],"deployment_controller":[{"type":"ECS"}],"deployment_maximum_percent":200,"deployment_minimum_healthy_percent":100,"desired_count":1,"enable_ecs_managed_tags":false,"enable_execute_command":false,"force_delete":null,"force_new_deployment":null,"health_check_grace_period_seconds":0,"iam_role":"/aws-service-role/ecs.amazonaws.com/AWSServiceRoleForECS","id":"arn:aws:ecs:ap-southeast-6:739489596289:service/skills-dev/skills-dev-auth","launch_type":"FARGATE","load_balancer":[{"advanced_configuration":[],"container_name":"auth","container_port":8080,"elb_name":"","target_group_arn":"arn:aws:elasticloadbalancing:ap-southeast-6:739489596289:targetgroup/skills-dev-auth/fec43e00b14a2f31"}],"name":"skills-dev-auth","network_configuration":[{"assign_public_ip":false,"security_groups":["sg-0773462facacdcfde"],"subnets":["subnet-0bbdc355d9ebaef3c","subnet-0e0c9192eec81a188"]}],"ordered_placement_strategy":[],"placement_constraints":[],"platform_version":"LATEST","propagate_tags":"NONE","region":"ap-southeast-6","scheduling_strategy":"REPLICA","service_connect_configuration":[],"service_registries":[],"sigint_rollback":null,"tags":{},"tags_all":{"environment":"dev","gitRepo":"https://github.com/alphafoobar/symmetrical-broccoli","managed-by":"opentofu","project":"skills","updatedAt":"2026-06-06T02:47:24Z"},"task_definition":"arn:aws:ecs:ap-southeast-6:739489596289:task-definition/skills-dev-auth:1","timeouts":null,"triggers":{},"volume_configuration":[],"vpc_lattice_configurations":[],"wait_for_steady_state":false},"sensitive_attributes":[],"private":"eyJlMmJmYjczMC1lY2FhLTExZTYtOGY4OC0zNDM2M2JjN2M0YzAiOnsiY3JlYXRlIjoxMjAwMDAwMDAwMDAwLCJkZWxldGUiOjEyMDAwMDAwMDAwMDAsInVwZGF0ZSI6MTIwMDAwMDAwMDAwMH0sInNjaGVtYV92ZXJzaW9uIjoiMSJ9","dependencies":["aws_cloudwatch_log_group.app","aws_ecs_cluster.main","aws_ecs_task_definition.auth","aws_iam_role.execution","aws_iam_role.task","aws_lb.main","aws_lb_listener.http","aws_lb_listener.https","aws_lb_target_group.app","aws_lb_target_group.auth","aws_security_group.alb","aws_security_group.app","aws_subnet.private","aws_subnet.public","aws_vpc.main","data.aws_availability_zones.available","data.aws_iam_policy_document.ecs_assume"]}]},{"mode":"managed","type":"aws_ecs_task_definition","name":"app","provider":"provider[\"registry.opentofu.org/hashicorp/aws\"]","instances":[{"schema_version":1,"attributes":{"arn":"arn:aws:ecs:ap-southeast-6:739489596289:task-definition/skills-dev:1","arn_without_revision":"arn:aws:ecs:ap-southeast-6:739489596289:task-definition/skills-dev","container_definitions":"[{\"environment\":[{\"name\":\"JDBC_DATABASE_URL\",\"value\":\"jdbc:postgresql://skills-dev.cluster-c5aimg8uyoz2.ap-southeast-6.rds.amazonaws.com:5432/skills\"},{\"name\":\"JWT_ISSUER_URI\",\"value\":\"http://skills-dev-1344308094.ap-southeast-6.elb.amazonaws.com/default\"},{\"name\":\"JWT_JWK_SET_URI\",\"value\":\"http://skills-dev-1344308094.ap-southeast-6.elb.amazonaws.com/default/jwks\"},{\"name\":\"REDIS_HOST\",\"value\":\"master.skills-dev.tpklqa.apse6.cache.amazonaws.com\"},{\"name\":\"REDIS_PORT\",\"value\":\"6379\"},{\"name\":\"REDIS_SSL_ENABLED\",\"value\":\"true\"},{\"name\":\"SPRING_PROFILES_ACTIVE\",\"value\":\"dev\"}],\"essential\":true,\"image\":\"739489596289.dkr.ecr.ap-southeast-6.amazonaws.com/skills-api:dev\",\"logConfiguration\":{\"logDriver\":\"awslogs\",\"options\":{\"awslogs-region\":\"ap-southeast-6\",\"awslogs-stream-prefix\":\"ecs\",\"awslogs-group\":\"/ecs/skills-dev\"}},\"mountPoints\":[],\"name\":\"app\",\"portMappings\":[{\"containerPort\":8080,\"hostPort\":8080,\"protocol\":\"tcp\"}],\"secrets\":[{\"name\":\"JDBC_DATABASE_PASSWORD\",\"valueFrom\":\"arn:aws:secretsmanager:ap-southeast-6:739489596289:secret:rds!cluster-60f6941b-22d6-4f1a-9c04-696edc8a4275-TRc953:password::\"},{\"name\":\"JDBC_DATABASE_USERNAME\",\"valueFrom\":\"arn:aws:secretsmanager:ap-southeast-6:739489596289:secret:rds!cluster-60f6941b-22d6-4f1a-9c04-696edc8a4275-TRc953:username::\"}],\"systemControls\":[],\"volumesFrom\":[]}]","cpu":"512","enable_fault_injection":false,"ephemeral_storage":[],"execution_role_arn":"arn:aws:iam::739489596289:role/skills-dev-ecs-execution","family":"skills-dev","id":"skills-dev","ipc_mode":"","memory":"1024","network_mode":"awsvpc","pid_mode":"","placement_constraints":[],"proxy_configuration":[],"region":"ap-southeast-6","requires_compatibilities":["FARGATE"],"revision":1,"runtime_platform":[],"skip_destroy":false,"tags":null,"tags_all":{"environment":"dev","gitRepo":"https://github.com/alphafoobar/symmetrical-broccoli","managed-by":"opentofu","project":"skills","updatedAt":"2026-06-06T02:47:24Z"},"task_role_arn":"arn:aws:iam::739489596289:role/skills-dev-ecs-task","track_latest":false,"volume":[]},"sensitive_attributes":[],"private":"eyJzY2hlbWFfdmVyc2lvbiI6IjEifQ==","dependencies":["aws_cloudwatch_log_group.app","aws_db_subnet_group.main","aws_ecr_repository.api","aws_elasticache_replication_group.main","aws_elasticache_subnet_group.main","aws_iam_role.execution","aws_iam_role.task","aws_lb.main","aws_rds_cluster.main","aws_security_group.alb","aws_security_group.app","aws_security_group.cache","aws_security_group.rds","aws_subnet.private","aws_subnet.public","aws_vpc.main","data.aws_availability_zones.available","data.aws_iam_policy_document.ecs_assume"]}]},{"mode":"managed","type":"aws_ecs_task_definition","name":"auth","provider":"provider[\"registry.opentofu.org/hashicorp/aws\"]","instances":[{"schema_version":1,"attributes":{"arn":"arn:aws:ecs:ap-southeast-6:739489596289:task-definition/skills-dev-auth:1","arn_without_revision":"arn:aws:ecs:ap-southeast-6:739489596289:task-definition/skills-dev-auth","container_definitions":"[{\"environment\":[{\"name\":\"JSON_CONFIG\",\"value\":\"{\\\"tokenCallbacks\\\":[{\\\"issuerId\\\":\\\"default\\\",\\\"requestMappings\\\":[{\\\"claims\\\":{\\\"aud\\\":[\\\"skills-api\\\"],\\\"scope\\\":\\\"customer.account.my\\\",\\\"sub\\\":\\\"${clientId}\\\"},\\\"match\\\":\\\"client_credentials\\\",\\\"requestParam\\\":\\\"grant_type\\\"}]}]}\"}],\"essential\":true,\"image\":\"ghcr.io/navikt/mock-oauth2-server:2.2.1\",\"logConfiguration\":{\"logDriver\":\"awslogs\",\"options\":{\"awslogs-region\":\"ap-southeast-6\",\"awslogs-stream-prefix\":\"auth\",\"awslogs-group\":\"/ecs/skills-dev\"}},\"mountPoints\":[],\"name\":\"auth\",\"portMappings\":[{\"containerPort\":8080,\"hostPort\":8080,\"protocol\":\"tcp\"}],\"systemControls\":[],\"volumesFrom\":[]}]","cpu":"256","enable_fault_injection":false,"ephemeral_storage":[],"execution_role_arn":"arn:aws:iam::739489596289:role/skills-dev-ecs-execution","family":"skills-dev-auth","id":"skills-dev-auth","ipc_mode":"","memory":"512","network_mode":"awsvpc","pid_mode":"","placement_constraints":[],"proxy_configuration":[],"region":"ap-southeast-6","requires_compatibilities":["FARGATE"],"revision":1,"runtime_platform":[],"skip_destroy":false,"tags":{},"tags_all":{"environment":"dev","gitRepo":"https://github.com/alphafoobar/symmetrical-broccoli","managed-by":"opentofu","project":"skills","updatedAt":"2026-06-06T02:47:24Z"},"task_role_arn":"arn:aws:iam::739489596289:role/skills-dev-ecs-task","track_latest":false,"volume":[]},"sensitive_attributes":[],"private":"eyJzY2hlbWFfdmVyc2lvbiI6IjEifQ==","dependencies":["aws_cloudwatch_log_group.app","aws_iam_role.execution","aws_iam_role.task","data.aws_iam_policy_document.ecs_assume"]}]},{"mode":"managed","type":"aws_eip","name":"nat","provider":"provider[\"registry.opentofu.org/hashicorp/aws\"]","instances":[{"index_key":0,"schema_version":0,"attributes":{"address":null,"allocation_id":"eipalloc-0085d9dfd626bae9a","arn":"arn:aws:ec2:ap-southeast-6:739489596289:elastic-ip/eipalloc-0085d9dfd626bae9a","associate_with_private_ip":null,"association_id":"eipassoc-0f1087c0ae4025adc","carrier_ip":"","customer_owned_ip":"","customer_owned_ipv4_pool":"","domain":"vpc","id":"eipalloc-0085d9dfd626bae9a","instance":"","ipam_pool_id":"","network_border_group":"ap-southeast-6","network_interface":"eni-06ff4f91c5c3bcbe7","private_dns":"ip-10-0-0-246.ap-southeast-6.compute.internal","private_ip":"10.0.0.246","ptr_record":"","public_dns":"ec2-3-103-92-67.ap-southeast-6.compute.amazonaws.com","public_ip":"3.103.92.67","public_ipv4_pool":"amazon","region":"ap-southeast-6","tags":{},"tags_all":{"environment":"dev","gitRepo":"https://github.com/alphafoobar/symmetrical-broccoli","managed-by":"opentofu","project":"skills","updatedAt":"2026-06-06T02:47:24Z"},"timeouts":null},"sensitive_attributes":[],"private":"eyJlMmJmYjczMC1lY2FhLTExZTYtOGY4OC0zNDM2M2JjN2M0YzAiOnsiZGVsZXRlIjoxODAwMDAwMDAwMDAsInJlYWQiOjkwMDAwMDAwMDAwMCwidXBkYXRlIjozMDAwMDAwMDAwMDB9fQ=="},{"index_key":1,"schema_version":0,"attributes":{"address":null,"allocation_id":"eipalloc-0df0ea3f5eced4f4f","arn":"arn:aws:ec2:ap-southeast-6:739489596289:elastic-ip/eipalloc-0df0ea3f5eced4f4f","associate_with_private_ip":null,"association_id":"eipassoc-07188102418adc546","carrier_ip":"","customer_owned_ip":"","customer_owned_ipv4_pool":"","domain":"vpc","id":"eipalloc-0df0ea3f5eced4f4f","instance":"","ipam_pool_id":"","network_border_group":"ap-southeast-6","network_interface":"eni-064068efe3043c88b","private_dns":"ip-10-0-1-147.ap-southeast-6.compute.internal","private_ip":"10.0.1.147","ptr_record":"","public_dns":"ec2-3-103-68-145.ap-southeast-6.compute.amazonaws.com","public_ip":"3.103.68.145","public_ipv4_pool":"amazon","region":"ap-southeast-6","tags":{},"tags_all":{"environment":"dev","gitRepo":"https://github.com/alphafoobar/symmetrical-broccoli","managed-by":"opentofu","project":"skills","updatedAt":"2026-06-06T02:47:24Z"},"timeouts":null},"sensitive_attributes":[],"private":"eyJlMmJmYjczMC1lY2FhLTExZTYtOGY4OC0zNDM2M2JjN2M0YzAiOnsiZGVsZXRlIjoxODAwMDAwMDAwMDAsInJlYWQiOjkwMDAwMDAwMDAwMCwidXBkYXRlIjozMDAwMDAwMDAwMDB9fQ=="}]},{"mode":"managed","type":"aws_elasticache_replication_group","name":"main","provider":"provider[\"registry.opentofu.org/hashicorp/aws\"]","instances":[{"schema_version":3,"attributes":{"apply_immediately":null,"arn":"arn:aws:elasticache:ap-southeast-6:739489596289:replicationgroup:skills-dev","at_rest_encryption_enabled":"true","auth_token":"","auth_token_update_strategy":null,"auto_minor_version_upgrade":"true","automatic_failover_enabled":true,"cluster_enabled":false,"cluster_mode":"disabled","configuration_endpoint_address":null,"data_tiering_enabled":false,"description":"Valkey cache for skills API","engine":"valkey","engine_version":"7.2","engine_version_actual":"7.2.6","final_snapshot_identifier":null,"global_replication_group_id":null,"id":"skills-dev","ip_discovery":"ipv4","kms_key_id":"","log_delivery_configuration":[],"maintenance_window":"wed:11:00-wed:12:00","member_clusters":["skills-dev-001","skills-dev-002"],"multi_az_enabled":true,"network_type":"ipv4","node_group_configuration":[{"node_group_id":"0001","primary_availability_zone":"ap-southeast-6a","primary_outpost_arn":"","replica_availability_zones":["ap-southeast-6b"],"replica_count":1,"replica_outpost_arns":[],"slots":""}],"node_type":"cache.t4g.micro","notification_topic_arn":null,"num_cache_clusters":2,"num_node_groups":1,"parameter_group_name":"default.valkey7","port":6379,"preferred_cache_cluster_azs":null,"primary_endpoint_address":"master.skills-dev.tpklqa.apse6.cache.amazonaws.com","reader_endpoint_address":"replica.skills-dev.tpklqa.apse6.cache.amazonaws.com","region":"ap-southeast-6","replicas_per_node_group":1,"replication_group_id":"skills-dev","security_group_ids":["sg-02598af379873eaae"],"security_group_names":[],"snapshot_arns":null,"snapshot_name":null,"snapshot_retention_limit":0,"snapshot_window":"12:30-13:30","subnet_group_name":"skills-dev","tags":{"Name":"skills-dev"},"tags_all":{"Name":"skills-dev","environment":"dev","gitRepo":"https://github.com/alphafoobar/symmetrical-broccoli","managed-by":"opentofu","project":"skills","updatedAt":"2026-06-06T02:47:24Z"},"timeouts":null,"transit_encryption_enabled":true,"transit_encryption_mode":"required","user_group_ids":[]},"sensitive_attributes":[[{"type":"get_attr","value":"auth_token"}]],"private":"eyJlMmJmYjczMC1lY2FhLTExZTYtOGY4OC0zNDM2M2JjN2M0YzAiOnsiY3JlYXRlIjozNjAwMDAwMDAwMDAwLCJkZWxldGUiOjI3MDAwMDAwMDAwMDAsInVwZGF0ZSI6MjQwMDAwMDAwMDAwMH0sInNjaGVtYV92ZXJzaW9uIjoiMyJ9","dependencies":["aws_elasticache_subnet_group.main","aws_security_group.alb","aws_security_group.app","aws_security_group.cache","aws_subnet.private","aws_vpc.main","data.aws_availability_zones.available"]}]},{"mode":"managed","type":"aws_elasticache_subnet_group","name":"main","provider":"provider[\"registry.opentofu.org/hashicorp/aws\"]","instances":[{"schema_version":0,"attributes":{"arn":"arn:aws:elasticache:ap-southeast-6:739489596289:subnetgroup:skills-dev","description":"Managed by Terraform","id":"skills-dev","name":"skills-dev","region":"ap-southeast-6","subnet_ids":["subnet-0bbdc355d9ebaef3c","subnet-0e0c9192eec81a188"],"tags":{},"tags_all":{"environment":"dev","gitRepo":"https://github.com/alphafoobar/symmetrical-broccoli","managed-by":"opentofu","project":"skills","updatedAt":"2026-06-06T02:47:24Z"},"vpc_id":"vpc-07460014e58128049"},"sensitive_attributes":[],"private":"bnVsbA==","dependencies":["aws_subnet.private","aws_vpc.main","data.aws_availability_zones.available"]}]},{"mode":"managed","type":"aws_iam_role","name":"execution","provider":"provider[\"registry.opentofu.org/hashicorp/aws\"]","instances":[{"schema_version":0,"attributes":{"arn":"arn:aws:iam::739489596289:role/skills-dev-ecs-execution","assume_role_policy":"{\"Statement\":[{\"Action\":\"sts:AssumeRole\",\"Effect\":\"Allow\",\"Principal\":{\"Service\":\"ecs-tasks.amazonaws.com\"}}],\"Version\":\"2012-10-17\"}","create_date":"2026-06-06T02:18:21Z","description":"","force_detach_policies":false,"id":"skills-dev-ecs-execution","inline_policy":[],"managed_policy_arns":["arn:aws:iam::aws:policy/service-role/AmazonECSTaskExecutionRolePolicy"],"max_session_duration":3600,"name":"skills-dev-ecs-execution","name_prefix":"","path":"/","permissions_boundary":"","tags":{},"tags_all":{"environment":"dev","gitRepo":"https://github.com/alphafoobar/symmetrical-broccoli","managed-by":"opentofu","project":"skills","updatedAt":"2026-06-06T02:47:24Z"},"unique_id":"AROA2YLIDYOA5YUSDSSMB"},"sensitive_attributes":[],"private":"bnVsbA==","dependencies":["data.aws_iam_policy_document.ecs_assume"]}]},{"mode":"managed","type":"aws_iam_role","name":"task","provider":"provider[\"registry.opentofu.org/hashicorp/aws\"]","instances":[{"schema_version":0,"attributes":{"arn":"arn:aws:iam::739489596289:role/skills-dev-ecs-task","assume_role_policy":"{\"Statement\":[{\"Action\":\"sts:AssumeRole\",\"Effect\":\"Allow\",\"Principal\":{\"Service\":\"ecs-tasks.amazonaws.com\"}}],\"Version\":\"2012-10-17\"}","create_date":"2026-06-06T02:18:21Z","description":"","force_detach_policies":false,"id":"skills-dev-ecs-task","inline_policy":[],"managed_policy_arns":[],"max_session_duration":3600,"name":"skills-dev-ecs-task","name_prefix":"","path":"/","permissions_boundary":"","tags":{},"tags_all":{"environment":"dev","gitRepo":"https://github.com/alphafoobar/symmetrical-broccoli","managed-by":"opentofu","project":"skills","updatedAt":"2026-06-06T02:47:24Z"},"unique_id":"AROA2YLIDYOA6J5SNW4JL"},"sensitive_attributes":[],"private":"bnVsbA==","dependencies":["data.aws_iam_policy_document.ecs_assume"]}]},{"mode":"managed","type":"aws_iam_role_policy","name":"execution_secrets","provider":"provider[\"registry.opentofu.org/hashicorp/aws\"]","instances":[{"schema_version":0,"attributes":{"id":"skills-dev-ecs-execution:terraform-20260606024808568400000001","name":"terraform-20260606024808568400000001","name_prefix":"terraform-","policy":"{\"Version\":\"2012-10-17\",\"Statement\":[{\"Action\":\"secretsmanager:GetSecretValue\",\"Effect\":\"Allow\",\"Resource\":\"arn:aws:secretsmanager:ap-southeast-6:739489596289:secret:rds!cluster-60f6941b-22d6-4f1a-9c04-696edc8a4275-TRc953\"}]}","role":"skills-dev-ecs-execution"},"sensitive_attributes":[],"private":"bnVsbA==","dependencies":["aws_db_subnet_group.main","aws_iam_role.execution","aws_rds_cluster.main","aws_security_group.alb","aws_security_group.app","aws_security_group.rds","aws_subnet.private","aws_vpc.main","data.aws_availability_zones.available","data.aws_iam_policy_document.ecs_assume","data.aws_iam_policy_document.execution_secrets"]}]},{"mode":"managed","type":"aws_iam_role_policy_attachment","name":"execution_policy","provider":"provider[\"registry.opentofu.org/hashicorp/aws\"]","instances":[{"schema_version":0,"attributes":{"id":"skills-dev-ecs-execution/arn:aws:iam::aws:policy/service-role/AmazonECSTaskExecutionRolePolicy","policy_arn":"arn:aws:iam::aws:policy/service-role/AmazonECSTaskExecutionRolePolicy","role":"skills-dev-ecs-execution"},"sensitive_attributes":[],"private":"bnVsbA==","dependencies":["aws_iam_role.execution","data.aws_iam_policy_document.ecs_assume"]}]},{"mode":"managed","type":"aws_internet_gateway","name":"main","provider":"provider[\"registry.opentofu.org/hashicorp/aws\"]","instances":[{"schema_version":0,"attributes":{"arn":"arn:aws:ec2:ap-southeast-6:739489596289:internet-gateway/igw-05b095fa6258b72a7","id":"igw-05b095fa6258b72a7","owner_id":"739489596289","region":"ap-southeast-6","tags":{"Name":"skills-dev"},"tags_all":{"Name":"skills-dev","environment":"dev","gitRepo":"https://github.com/alphafoobar/symmetrical-broccoli","managed-by":"opentofu","project":"skills","updatedAt":"2026-06-06T02:47:24Z"},"timeouts":null,"vpc_id":"vpc-07460014e58128049"},"sensitive_attributes":[],"private":"eyJlMmJmYjczMC1lY2FhLTExZTYtOGY4OC0zNDM2M2JjN2M0YzAiOnsiY3JlYXRlIjoxMjAwMDAwMDAwMDAwLCJkZWxldGUiOjEyMDAwMDAwMDAwMDAsInVwZGF0ZSI6MTIwMDAwMDAwMDAwMH19","dependencies":["aws_vpc.main"]}]},{"mode":"managed","type":"aws_lb","name":"main","provider":"provider[\"registry.opentofu.org/hashicorp/aws\"]","instances":[{"schema_version":0,"attributes":{"access_logs":[{"bucket":"","enabled":false,"prefix":""}],"arn":"arn:aws:elasticloadbalancing:ap-southeast-6:739489596289:loadbalancer/app/skills-dev/28d271ae4a96a085","arn_suffix":"app/skills-dev/28d271ae4a96a085","client_keep_alive":3600,"connection_logs":[{"bucket":"","enabled":false,"prefix":""}],"customer_owned_ipv4_pool":"","desync_mitigation_mode":"defensive","dns_name":"skills-dev-1344308094.ap-southeast-6.elb.amazonaws.com","dns_record_client_routing_policy":null,"drop_invalid_header_fields":false,"enable_cross_zone_load_balancing":true,"enable_deletion_protection":false,"enable_http2":true,"enable_prefix_for_ipv6_source_nat":"off","enable_tls_version_and_cipher_suite_headers":false,"enable_waf_fail_open":false,"enable_xff_client_port":false,"enable_zonal_shift":false,"enforce_security_group_inbound_rules_on_private_link_traffic":"","health_check_logs":[{"bucket":"","enabled":false,"prefix":""}],"id":"arn:aws:elasticloadbalancing:ap-southeast-6:739489596289:loadbalancer/app/skills-dev/28d271ae4a96a085","idle_timeout":60,"internal":false,"ip_address_type":"ipv4","ipam_pools":[],"load_balancer_type":"application","minimum_load_balancer_capacity":[],"name":"skills-dev","name_prefix":"","preserve_host_header":false,"region":"ap-southeast-6","secondary_ips_auto_assigned_per_subnet":null,"security_groups":["sg-00d372f5d77458104"],"subnet_mapping":[{"allocation_id":"","ipv6_address":"","outpost_id":"","private_ipv4_address":"","subnet_id":"subnet-0033619f66d253854"},{"allocation_id":"","ipv6_address":"","outpost_id":"","private_ipv4_address":"","subnet_id":"subnet-02b0738ffed5b520f"}],"subnets":["subnet-0033619f66d253854","subnet-02b0738ffed5b520f"],"tags":{},"tags_all":{"environment":"dev","gitRepo":"https://github.com/alphafoobar/symmetrical-broccoli","managed-by":"opentofu","project":"skills","updatedAt":"2026-06-06T02:47:24Z"},"timeouts":null,"vpc_id":"vpc-07460014e58128049","xff_header_processing_mode":"append","zone_id":"Z023301818UFJ50CIO0MV"},"sensitive_attributes":[],"private":"eyJlMmJmYjczMC1lY2FhLTExZTYtOGY4OC0zNDM2M2JjN2M0YzAiOnsiY3JlYXRlIjo2MDAwMDAwMDAwMDAsImRlbGV0ZSI6NjAwMDAwMDAwMDAwLCJ1cGRhdGUiOjYwMDAwMDAwMDAwMH19","dependencies":["aws_security_group.alb","aws_subnet.public","aws_vpc.main","data.aws_availability_zones.available"]}]},{"mode":"managed","type":"aws_lb_listener","name":"http","provider":"provider[\"registry.opentofu.org/hashicorp/aws\"]","instances":[{"index_key":0,"schema_version":0,"attributes":{"alpn_policy":null,"arn":"arn:aws:elasticloadbalancing:ap-southeast-6:739489596289:listener/app/skills-dev/28d271ae4a96a085/64fc496edaa6ed69","certificate_arn":null,"default_action":[{"authenticate_cognito":[],"authenticate_oidc":[],"fixed_response":[],"forward":[],"jwt_validation":[],"order":1,"redirect":[],"target_group_arn":"arn:aws:elasticloadbalancing:ap-southeast-6:739489596289:targetgroup/skills-dev/f5b417707fbaefac","type":"forward"}],"id":"arn:aws:elasticloadbalancing:ap-southeast-6:739489596289:listener/app/skills-dev/28d271ae4a96a085/64fc496edaa6ed69","load_balancer_arn":"arn:aws:elasticloadbalancing:ap-southeast-6:739489596289:loadbalancer/app/skills-dev/28d271ae4a96a085","mutual_authentication":[],"port":80,"protocol":"HTTP","region":"ap-southeast-6","routing_http_request_x_amzn_mtls_clientcert_header_name":null,"routing_http_request_x_amzn_mtls_clientcert_issuer_header_name":null,"routing_http_request_x_amzn_mtls_clientcert_leaf_header_name":null,"routing_http_request_x_amzn_mtls_clientcert_serial_number_header_name":null,"routing_http_request_x_amzn_mtls_clientcert_subject_header_name":null,"routing_http_request_x_amzn_mtls_clientcert_validity_header_name":null,"routing_http_request_x_amzn_tls_cipher_suite_header_name":null,"routing_http_request_x_amzn_tls_version_header_name":null,"routing_http_response_access_control_allow_credentials_header_value":"","routing_http_response_access_control_allow_headers_header_value":"","routing_http_response_access_control_allow_methods_header_value":"","routing_http_response_access_control_allow_origin_header_value":"","routing_http_response_access_control_expose_headers_header_value":"","routing_http_response_access_control_max_age_header_value":"","routing_http_response_content_security_policy_header_value":"","routing_http_response_server_enabled":true,"routing_http_response_strict_transport_security_header_value":"","routing_http_response_x_content_type_options_header_value":"","routing_http_response_x_frame_options_header_value":"","ssl_policy":"","tags":{},"tags_all":{"environment":"dev","gitRepo":"https://github.com/alphafoobar/symmetrical-broccoli","managed-by":"opentofu","project":"skills","updatedAt":"2026-06-06T02:47:24Z"},"tcp_idle_timeout_seconds":null,"timeouts":null},"sensitive_attributes":[],"private":"eyJlMmJmYjczMC1lY2FhLTExZTYtOGY4OC0zNDM2M2JjN2M0YzAiOnsiY3JlYXRlIjozMDAwMDAwMDAwMDAsInVwZGF0ZSI6MzAwMDAwMDAwMDAwfX0=","dependencies":["aws_lb.main","aws_lb_target_group.app","aws_security_group.alb","aws_subnet.public","aws_vpc.main","data.aws_availability_zones.available"]}]},{"mode":"managed","type":"aws_lb_listener","name":"https","provider":"provider[\"registry.opentofu.org/hashicorp/aws\"]","instances":[]},{"mode":"managed","type":"aws_lb_listener_rule","name":"http_auth","provider":"provider[\"registry.opentofu.org/hashicorp/aws\"]","instances":[{"index_key":0,"schema_version":0,"attributes":{"action":[{"authenticate_cognito":[],"authenticate_oidc":[],"fixed_response":[],"forward":[],"jwt_validation":[],"order":1,"redirect":[],"target_group_arn":"arn:aws:elasticloadbalancing:ap-southeast-6:739489596289:targetgroup/skills-dev-auth/fec43e00b14a2f31","type":"forward"}],"arn":"arn:aws:elasticloadbalancing:ap-southeast-6:739489596289:listener-rule/app/skills-dev/28d271ae4a96a085/64fc496edaa6ed69/0146b9566b66c8c0","condition":[{"host_header":[],"http_header":[],"http_request_method":[],"path_pattern":[{"regex_values":[],"values":["/default/*"]}],"query_string":[],"source_ip":[]}],"id":"arn:aws:elasticloadbalancing:ap-southeast-6:739489596289:listener-rule/app/skills-dev/28d271ae4a96a085/64fc496edaa6ed69/0146b9566b66c8c0","listener_arn":"arn:aws:elasticloadbalancing:ap-southeast-6:739489596289:listener/app/skills-dev/28d271ae4a96a085/64fc496edaa6ed69","priority":10,"region":"ap-southeast-6","tags":{},"tags_all":{"environment":"dev","gitRepo":"https://github.com/alphafoobar/symmetrical-broccoli","managed-by":"opentofu","project":"skills","updatedAt":"2026-06-06T02:47:24Z"},"transform":[]},"sensitive_attributes":[],"private":"bnVsbA==","dependencies":["aws_lb.main","aws_lb_listener.http","aws_lb_target_group.app","aws_lb_target_group.auth","aws_security_group.alb","aws_subnet.public","aws_vpc.main","data.aws_availability_zones.available"]}]},{"mode":"managed","type":"aws_lb_target_group","name":"app","provider":"provider[\"registry.opentofu.org/hashicorp/aws\"]","instances":[{"schema_version":0,"attributes":{"arn":"arn:aws:elasticloadbalancing:ap-southeast-6:739489596289:targetgroup/skills-dev/f5b417707fbaefac","arn_suffix":"targetgroup/skills-dev/f5b417707fbaefac","connection_termination":null,"deregistration_delay":"300","health_check":[{"enabled":true,"healthy_threshold":2,"interval":30,"matcher":"200","path":"/actuator/health/readiness","port":"traffic-port","protocol":"HTTP","timeout":5,"unhealthy_threshold":3}],"id":"arn:aws:elasticloadbalancing:ap-southeast-6:739489596289:targetgroup/skills-dev/f5b417707fbaefac","ip_address_type":"ipv4","lambda_multi_value_headers_enabled":false,"load_balancer_arns":["arn:aws:elasticloadbalancing:ap-southeast-6:739489596289:loadbalancer/app/skills-dev/28d271ae4a96a085"],"load_balancing_algorithm_type":"round_robin","load_balancing_anomaly_mitigation":"off","load_balancing_cross_zone_enabled":"use_load_balancer_configuration","name":"skills-dev","name_prefix":"","port":8080,"preserve_client_ip":null,"protocol":"HTTP","protocol_version":"HTTP1","proxy_protocol_v2":false,"region":"ap-southeast-6","slow_start":0,"stickiness":[{"cookie_duration":86400,"cookie_name":"","enabled":false,"type":"lb_cookie"}],"tags":{},"tags_all":{"environment":"dev","gitRepo":"https://github.com/alphafoobar/symmetrical-broccoli","managed-by":"opentofu","project":"skills","updatedAt":"2026-06-06T02:47:24Z"},"target_control_port":0,"target_failover":[{"on_deregistration":null,"on_unhealthy":null}],"target_group_health":[{"dns_failover":[{"minimum_healthy_targets_count":"1","minimum_healthy_targets_percentage":"off"}],"unhealthy_state_routing":[{"minimum_healthy_targets_count":1,"minimum_healthy_targets_percentage":"off"}]}],"target_health_state":[{"enable_unhealthy_connection_termination":null,"unhealthy_draining_interval":null}],"target_type":"ip","vpc_id":"vpc-07460014e58128049"},"sensitive_attributes":[],"private":"bnVsbA==","dependencies":["aws_vpc.main"]}]},{"mode":"managed","type":"aws_lb_target_group","name":"auth","provider":"provider[\"registry.opentofu.org/hashicorp/aws\"]","instances":[{"schema_version":0,"attributes":{"arn":"arn:aws:elasticloadbalancing:ap-southeast-6:739489596289:targetgroup/skills-dev-auth/fec43e00b14a2f31","arn_suffix":"targetgroup/skills-dev-auth/fec43e00b14a2f31","connection_termination":null,"deregistration_delay":"300","health_check":[{"enabled":true,"healthy_threshold":2,"interval":30,"matcher":"200","path":"/default/.well-known/openid-configuration","port":"traffic-port","protocol":"HTTP","timeout":5,"unhealthy_threshold":3}],"id":"arn:aws:elasticloadbalancing:ap-southeast-6:739489596289:targetgroup/skills-dev-auth/fec43e00b14a2f31","ip_address_type":"ipv4","lambda_multi_value_headers_enabled":false,"load_balancer_arns":["arn:aws:elasticloadbalancing:ap-southeast-6:739489596289:loadbalancer/app/skills-dev/28d271ae4a96a085"],"load_balancing_algorithm_type":"round_robin","load_balancing_anomaly_mitigation":"off","load_balancing_cross_zone_enabled":"use_load_balancer_configuration","name":"skills-dev-auth","name_prefix":"","port":8080,"preserve_client_ip":null,"protocol":"HTTP","protocol_version":"HTTP1","proxy_protocol_v2":false,"region":"ap-southeast-6","slow_start":0,"stickiness":[{"cookie_duration":86400,"cookie_name":"","enabled":false,"type":"lb_cookie"}],"tags":{},"tags_all":{"environment":"dev","gitRepo":"https://github.com/alphafoobar/symmetrical-broccoli","managed-by":"opentofu","project":"skills","updatedAt":"2026-06-06T02:47:24Z"},"target_control_port":0,"target_failover":[{"on_deregistration":null,"on_unhealthy":null}],"target_group_health":[{"dns_failover":[{"minimum_healthy_targets_count":"1","minimum_healthy_targets_percentage":"off"}],"unhealthy_state_routing":[{"minimum_healthy_targets_count":1,"minimum_healthy_targets_percentage":"off"}]}],"target_health_state":[{"enable_unhealthy_connection_termination":null,"unhealthy_draining_interval":null}],"target_type":"ip","vpc_id":"vpc-07460014e58128049"},"sensitive_attributes":[],"private":"bnVsbA==","dependencies":["aws_vpc.main"]}]},{"mode":"managed","type":"aws_nat_gateway","name":"main","provider":"provider[\"registry.opentofu.org/hashicorp/aws\"]","instances":[{"index_key":0,"schema_version":0,"attributes":{"allocation_id":"eipalloc-0085d9dfd626bae9a","association_id":"eipassoc-0f1087c0ae4025adc","auto_provision_zones":null,"auto_scaling_ips":null,"availability_mode":"zonal","availability_zone_address":[],"connectivity_type":"public","id":"nat-09b64403f55cd51ab","network_interface_id":"eni-06ff4f91c5c3bcbe7","private_ip":"10.0.0.246","public_ip":"3.103.92.67","region":"ap-southeast-6","regional_nat_gateway_address":[],"regional_nat_gateway_auto_mode":null,"route_table_id":null,"secondary_allocation_ids":[],"secondary_private_ip_address_count":0,"secondary_private_ip_addresses":[],"subnet_id":"subnet-02b0738ffed5b520f","tags":{"Name":"skills-dev-nat-0"},"tags_all":{"Name":"skills-dev-nat-0","environment":"dev","gitRepo":"https://github.com/alphafoobar/symmetrical-broccoli","managed-by":"opentofu","project":"skills","updatedAt":"2026-06-06T02:47:24Z"},"timeouts":null,"vpc_id":"vpc-07460014e58128049"},"sensitive_attributes":[],"private":"eyJlMmJmYjczMC1lY2FhLTExZTYtOGY4OC0zNDM2M2JjN2M0YzAiOnsiY3JlYXRlIjo2MDAwMDAwMDAwMDAsImRlbGV0ZSI6MTgwMDAwMDAwMDAwMCwidXBkYXRlIjo2MDAwMDAwMDAwMDB9fQ==","dependencies":["aws_eip.nat","aws_subnet.public","aws_vpc.main","data.aws_availability_zones.available"]},{"index_key":1,"schema_version":0,"attributes":{"allocation_id":"eipalloc-0df0ea3f5eced4f4f","association_id":"eipassoc-07188102418adc546","auto_provision_zones":null,"auto_scaling_ips":null,"availability_mode":"zonal","availability_zone_address":[],"connectivity_type":"public","id":"nat-0adcc50ddf688d4f1","network_interface_id":"eni-064068efe3043c88b","private_ip":"10.0.1.147","public_ip":"3.103.68.145","region":"ap-southeast-6","regional_nat_gateway_address":[],"regional_nat_gateway_auto_mode":null,"route_table_id":null,"secondary_allocation_ids":[],"secondary_private_ip_address_count":0,"secondary_private_ip_addresses":[],"subnet_id":"subnet-0033619f66d253854","tags":{"Name":"skills-dev-nat-1"},"tags_all":{"Name":"skills-dev-nat-1","environment":"dev","gitRepo":"https://github.com/alphafoobar/symmetrical-broccoli","managed-by":"opentofu","project":"skills","updatedAt":"2026-06-06T02:47:24Z"},"timeouts":null,"vpc_id":"vpc-07460014e58128049"},"sensitive_attributes":[],"private":"eyJlMmJmYjczMC1lY2FhLTExZTYtOGY4OC0zNDM2M2JjN2M0YzAiOnsiY3JlYXRlIjo2MDAwMDAwMDAwMDAsImRlbGV0ZSI6MTgwMDAwMDAwMDAwMCwidXBkYXRlIjo2MDAwMDAwMDAwMDB9fQ==","dependencies":["aws_eip.nat","aws_subnet.public","aws_vpc.main","data.aws_availability_zones.available"]}]},{"mode":"managed","type":"aws_rds_cluster","name":"main","provider":"provider[\"registry.opentofu.org/hashicorp/aws\"]","instances":[{"schema_version":1,"attributes":{"allocated_storage":1,"allow_major_version_upgrade":null,"apply_immediately":null,"arn":"arn:aws:rds:ap-southeast-6:739489596289:cluster:skills-dev","availability_zones":["ap-southeast-6a","ap-southeast-6b","ap-southeast-6c"],"backtrack_window":0,"backup_retention_period":7,"ca_certificate_identifier":null,"ca_certificate_valid_till":null,"cluster_identifier":"skills-dev","cluster_identifier_prefix":"","cluster_members":[],"cluster_resource_id":"cluster-2AGOPXOMJ2DTRHRBKQ7T3PJE2A","cluster_scalability_type":"","copy_tags_to_snapshot":false,"database_insights_mode":"standard","database_name":"skills","db_cluster_instance_class":"","db_cluster_parameter_group_name":"default.aurora-postgresql16","db_instance_parameter_group_name":null,"db_subnet_group_name":"skills-dev","db_system_id":"","delete_automated_backups":true,"deletion_protection":true,"domain":"","domain_iam_role_name":"","enable_global_write_forwarding":false,"enable_http_endpoint":false,"enable_local_write_forwarding":false,"enabled_cloudwatch_logs_exports":null,"endpoint":"skills-dev.cluster-c5aimg8uyoz2.ap-southeast-6.rds.amazonaws.com","engine":"aurora-postgresql","engine_lifecycle_support":"open-source-rds-extended-support","engine_mode":"provisioned","engine_version":"16.13","engine_version_actual":"16.13","final_snapshot_identifier":"skills-dev-final","global_cluster_identifier":"","hosted_zone_id":"Z05301022MJBPSD25MT4G","iam_database_authentication_enabled":false,"iam_roles":[],"id":"skills-dev","iops":0,"kms_key_id":"arn:aws:kms:ap-southeast-6:739489596289:key/a3931098-aad3-41d4-bf59-5bbf5b20e08e","manage_master_user_password":true,"master_password":null,"master_password_wo":null,"master_password_wo_version":null,"master_user_secret":[{"kms_key_id":"arn:aws:kms:ap-southeast-6:739489596289:key/8191fecb-5283-48bd-83f9-5a3657467078","secret_arn":"arn:aws:secretsmanager:ap-southeast-6:739489596289:secret:rds!cluster-60f6941b-22d6-4f1a-9c04-696edc8a4275-TRc953","secret_status":"active"}],"master_user_secret_kms_key_id":null,"master_username":"skills_admin","monitoring_interval":0,"monitoring_role_arn":"","network_type":"IPV4","performance_insights_enabled":false,"performance_insights_kms_key_id":"","performance_insights_retention_period":0,"port":5432,"preferred_backup_window":"13:15-13:45","preferred_maintenance_window":"thu:15:39-thu:16:09","reader_endpoint":"skills-dev.cluster-ro-c5aimg8uyoz2.ap-southeast-6.rds.amazonaws.com","region":"ap-southeast-6","replication_source_identifier":"","restore_to_point_in_time":[],"s3_import":[],"scaling_configuration":[],"serverlessv2_scaling_configuration":[{"max_capacity":4,"min_capacity":0.5,"seconds_until_auto_pause":0}],"skip_final_snapshot":false,"snapshot_identifier":null,"source_region":null,"storage_encrypted":true,"storage_type":"","tags":null,"tags_all":{"environment":"dev","gitRepo":"https://github.com/alphafoobar/symmetrical-broccoli","managed-by":"opentofu","project":"skills","updatedAt":"2026-06-06T02:47:24Z"},"timeouts":null,"upgrade_rollout_order":"second","vpc_security_group_ids":["sg-0f6555c8a0c8c4c57"]},"sensitive_attributes":[[{"type":"get_attr","value":"master_password_wo"}],[{"type":"get_attr","value":"master_password"}]],"private":"eyJlMmJmYjczMC1lY2FhLTExZTYtOGY4OC0zNDM2M2JjN2M0YzAiOnsiY3JlYXRlIjo3MjAwMDAwMDAwMDAwLCJkZWxldGUiOjcyMDAwMDAwMDAwMDAsInVwZGF0ZSI6NzIwMDAwMDAwMDAwMH0sInNjaGVtYV92ZXJzaW9uIjoiMSJ9","dependencies":["aws_db_subnet_group.main","aws_security_group.alb","aws_security_group.app","aws_security_group.rds","aws_subnet.private","aws_vpc.main","data.aws_availability_zones.available"]}]},{"mode":"managed","type":"aws_rds_cluster_instance","name":"main","provider":"provider[\"registry.opentofu.org/hashicorp/aws\"]","instances":[]},{"mode":"managed","type":"aws_route_table","name":"private","provider":"provider[\"registry.opentofu.org/hashicorp/aws\"]","instances":[{"index_key":0,"schema_version":0,"attributes":{"arn":"arn:aws:ec2:ap-southeast-6:739489596289:route-table/rtb-09b762dd789c2da79","id":"rtb-09b762dd789c2da79","owner_id":"739489596289","propagating_vgws":[],"region":"ap-southeast-6","route":[{"carrier_gateway_id":"","cidr_block":"0.0.0.0/0","core_network_arn":"","destination_prefix_list_id":"","egress_only_gateway_id":"","gateway_id":"","ipv6_cidr_block":"","local_gateway_id":"","nat_gateway_id":"nat-09b64403f55cd51ab","network_interface_id":"","odb_network_arn":"","transit_gateway_id":"","vpc_endpoint_id":"","vpc_peering_connection_id":""}],"tags":{"Name":"skills-dev-private-0"},"tags_all":{"Name":"skills-dev-private-0","environment":"dev","gitRepo":"https://github.com/alphafoobar/symmetrical-broccoli","managed-by":"opentofu","project":"skills","updatedAt":"2026-06-06T02:47:24Z"},"timeouts":null,"vpc_id":"vpc-07460014e58128049"},"sensitive_attributes":[],"private":"eyJlMmJmYjczMC1lY2FhLTExZTYtOGY4OC0zNDM2M2JjN2M0YzAiOnsiY3JlYXRlIjozMDAwMDAwMDAwMDAsImRlbGV0ZSI6MzAwMDAwMDAwMDAwLCJ1cGRhdGUiOjEyMDAwMDAwMDAwMH19","dependencies":["aws_eip.nat","aws_nat_gateway.main","aws_subnet.public","aws_vpc.main","data.aws_availability_zones.available"]},{"index_key":1,"schema_version":0,"attributes":{"arn":"arn:aws:ec2:ap-southeast-6:739489596289:route-table/rtb-0d32ceb0b657abc3e","id":"rtb-0d32ceb0b657abc3e","owner_id":"739489596289","propagating_vgws":[],"region":"ap-southeast-6","route":[{"carrier_gateway_id":"","cidr_block":"0.0.0.0/0","core_network_arn":"","destination_prefix_list_id":"","egress_only_gateway_id":"","gateway_id":"","ipv6_cidr_block":"","local_gateway_id":"","nat_gateway_id":"nat-0adcc50ddf688d4f1","network_interface_id":"","odb_network_arn":"","transit_gateway_id":"","vpc_endpoint_id":"","vpc_peering_connection_id":""}],"tags":{"Name":"skills-dev-private-1"},"tags_all":{"Name":"skills-dev-private-1","environment":"dev","gitRepo":"https://github.com/alphafoobar/symmetrical-broccoli","managed-by":"opentofu","project":"skills","updatedAt":"2026-06-06T02:47:24Z"},"timeouts":null,"vpc_id":"vpc-07460014e58128049"},"sensitive_attributes":[],"private":"eyJlMmJmYjczMC1lY2FhLTExZTYtOGY4OC0zNDM2M2JjN2M0YzAiOnsiY3JlYXRlIjozMDAwMDAwMDAwMDAsImRlbGV0ZSI6MzAwMDAwMDAwMDAwLCJ1cGRhdGUiOjEyMDAwMDAwMDAwMH19","dependencies":["aws_eip.nat","aws_nat_gateway.main","aws_subnet.public","aws_vpc.main","data.aws_availability_zones.available"]}]},{"mode":"managed","type":"aws_route_table","name":"public","provider":"provider[\"registry.opentofu.org/hashicorp/aws\"]","instances":[{"schema_version":0,"attributes":{"arn":"arn:aws:ec2:ap-southeast-6:739489596289:route-table/rtb-0c76dffb4284ad438","id":"rtb-0c76dffb4284ad438","owner_id":"739489596289","propagating_vgws":[],"region":"ap-southeast-6","route":[{"carrier_gateway_id":"","cidr_block":"0.0.0.0/0","core_network_arn":"","destination_prefix_list_id":"","egress_only_gateway_id":"","gateway_id":"igw-05b095fa6258b72a7","ipv6_cidr_block":"","local_gateway_id":"","nat_gateway_id":"","network_interface_id":"","odb_network_arn":"","transit_gateway_id":"","vpc_endpoint_id":"","vpc_peering_connection_id":""}],"tags":{"Name":"skills-dev-public"},"tags_all":{"Name":"skills-dev-public","environment":"dev","gitRepo":"https://github.com/alphafoobar/symmetrical-broccoli","managed-by":"opentofu","project":"skills","updatedAt":"2026-06-06T02:47:24Z"},"timeouts":null,"vpc_id":"vpc-07460014e58128049"},"sensitive_attributes":[],"private":"eyJlMmJmYjczMC1lY2FhLTExZTYtOGY4OC0zNDM2M2JjN2M0YzAiOnsiY3JlYXRlIjozMDAwMDAwMDAwMDAsImRlbGV0ZSI6MzAwMDAwMDAwMDAwLCJ1cGRhdGUiOjEyMDAwMDAwMDAwMH19","dependencies":["aws_internet_gateway.main","aws_vpc.main"]}]},{"mode":"managed","type":"aws_route_table_association","name":"private","provider":"provider[\"registry.opentofu.org/hashicorp/aws\"]","instances":[{"index_key":0,"schema_version":0,"attributes":{"gateway_id":"","id":"rtbassoc-0c5c14f37424df568","region":"ap-southeast-6","route_table_id":"rtb-09b762dd789c2da79","subnet_id":"subnet-0bbdc355d9ebaef3c","timeouts":null},"sensitive_attributes":[],"private":"eyJlMmJmYjczMC1lY2FhLTExZTYtOGY4OC0zNDM2M2JjN2M0YzAiOnsiY3JlYXRlIjozMDAwMDAwMDAwMDAsImRlbGV0ZSI6MzAwMDAwMDAwMDAwLCJ1cGRhdGUiOjEyMDAwMDAwMDAwMH19","dependencies":["aws_eip.nat","aws_nat_gateway.main","aws_route_table.private","aws_subnet.private","aws_subnet.public","aws_vpc.main","data.aws_availability_zones.available"]},{"index_key":1,"schema_version":0,"attributes":{"gateway_id":"","id":"rtbassoc-0b501884ce9611c3a","region":"ap-southeast-6","route_table_id":"rtb-0d32ceb0b657abc3e","subnet_id":"subnet-0e0c9192eec81a188","timeouts":null},"sensitive_attributes":[],"private":"eyJlMmJmYjczMC1lY2FhLTExZTYtOGY4OC0zNDM2M2JjN2M0YzAiOnsiY3JlYXRlIjozMDAwMDAwMDAwMDAsImRlbGV0ZSI6MzAwMDAwMDAwMDAwLCJ1cGRhdGUiOjEyMDAwMDAwMDAwMH19","dependencies":["aws_eip.nat","aws_nat_gateway.main","aws_route_table.private","aws_subnet.private","aws_subnet.public","aws_vpc.main","data.aws_availability_zones.available"]}]},{"mode":"managed","type":"aws_route_table_association","name":"public","provider":"provider[\"registry.opentofu.org/hashicorp/aws\"]","instances":[{"index_key":0,"schema_version":0,"attributes":{"gateway_id":"","id":"rtbassoc-001fc3fc19121a526","region":"ap-southeast-6","route_table_id":"rtb-0c76dffb4284ad438","subnet_id":"subnet-02b0738ffed5b520f","timeouts":null},"sensitive_attributes":[],"private":"eyJlMmJmYjczMC1lY2FhLTExZTYtOGY4OC0zNDM2M2JjN2M0YzAiOnsiY3JlYXRlIjozMDAwMDAwMDAwMDAsImRlbGV0ZSI6MzAwMDAwMDAwMDAwLCJ1cGRhdGUiOjEyMDAwMDAwMDAwMH19","dependencies":["aws_internet_gateway.main","aws_route_table.public","aws_subnet.public","aws_vpc.main","data.aws_availability_zones.available"]},{"index_key":1,"schema_version":0,"attributes":{"gateway_id":"","id":"rtbassoc-0d12a95db0581b7d4","region":"ap-southeast-6","route_table_id":"rtb-0c76dffb4284ad438","subnet_id":"subnet-0033619f66d253854","timeouts":null},"sensitive_attributes":[],"private":"eyJlMmJmYjczMC1lY2FhLTExZTYtOGY4OC0zNDM2M2JjN2M0YzAiOnsiY3JlYXRlIjozMDAwMDAwMDAwMDAsImRlbGV0ZSI6MzAwMDAwMDAwMDAwLCJ1cGRhdGUiOjEyMDAwMDAwMDAwMH19","dependencies":["aws_internet_gateway.main","aws_route_table.public","aws_subnet.public","aws_vpc.main","data.aws_availability_zones.available"]}]},{"mode":"managed","type":"aws_s3_bucket","name":"frontend","provider":"provider[\"registry.opentofu.org/hashicorp/aws\"]","instances":[{"schema_version":0,"attributes":{"acceleration_status":"","acl":null,"arn":"arn:aws:s3:::skills-dev-739489596289-frontend","bucket":"skills-dev-739489596289-frontend","bucket_domain_name":"skills-dev-739489596289-frontend.s3.amazonaws.com","bucket_namespace":"global","bucket_prefix":"","bucket_region":"ap-southeast-6","bucket_regional_domain_name":"skills-dev-739489596289-frontend.s3.ap-southeast-6.amazonaws.com","cors_rule":[],"force_destroy":false,"grant":[{"id":"1f76379dc4cb2b964c2a889404939a6c43a6e726d52e263bb8b7bc15ef6b94e6","permissions":["FULL_CONTROL"],"type":"CanonicalUser","uri":""}],"hosted_zone_id":"Z05686083R66JX5C163TC","id":"skills-dev-739489596289-frontend","lifecycle_rule":[],"logging":[],"object_lock_configuration":[],"object_lock_enabled":false,"policy":"{\"Statement\":[{\"Action\":\"s3:GetObject\",\"Condition\":{\"StringEquals\":{\"AWS:SourceArn\":\"arn:aws:cloudfront::739489596289:distribution/E2Y2KA5IELK2BP\"}},\"Effect\":\"Allow\",\"Principal\":{\"Service\":\"cloudfront.amazonaws.com\"},\"Resource\":\"arn:aws:s3:::skills-dev-739489596289-frontend/*\"}],\"Version\":\"2012-10-17\"}","region":"ap-southeast-6","replication_configuration":[],"request_payer":"BucketOwner","server_side_encryption_configuration":[{"rule":[{"apply_server_side_encryption_by_default":[{"kms_master_key_id":"","sse_algorithm":"AES256"}],"bucket_key_enabled":false}]}],"tags":{},"tags_all":{"environment":"dev","gitRepo":"https://github.com/alphafoobar/symmetrical-broccoli","managed-by":"opentofu","project":"skills","updatedAt":"2026-06-06T02:47:24Z"},"timeouts":null,"versioning":[{"enabled":false,"mfa_delete":false}],"website":[],"website_domain":null,"website_endpoint":null},"sensitive_attributes":[],"private":"eyJlMmJmYjczMC1lY2FhLTExZTYtOGY4OC0zNDM2M2JjN2M0YzAiOnsiY3JlYXRlIjoxMjAwMDAwMDAwMDAwLCJkZWxldGUiOjM2MDAwMDAwMDAwMDAsInJlYWQiOjEyMDAwMDAwMDAwMDAsInVwZGF0ZSI6MTIwMDAwMDAwMDAwMH19","dependencies":["data.aws_caller_identity.current"]}]},{"mode":"managed","type":"aws_s3_bucket_policy","name":"frontend","provider":"provider[\"registry.opentofu.org/hashicorp/aws\"]","instances":[{"schema_version":0,"attributes":{"bucket":"skills-dev-739489596289-frontend","id":"skills-dev-739489596289-frontend","policy":"{\"Statement\":[{\"Action\":\"s3:GetObject\",\"Condition\":{\"StringEquals\":{\"AWS:SourceArn\":\"arn:aws:cloudfront::739489596289:distribution/E2Y2KA5IELK2BP\"}},\"Effect\":\"Allow\",\"Principal\":{\"Service\":\"cloudfront.amazonaws.com\"},\"Resource\":\"arn:aws:s3:::skills-dev-739489596289-frontend/*\"}],\"Version\":\"2012-10-17\"}","region":"ap-southeast-6"},"sensitive_attributes":[],"private":"bnVsbA==","dependencies":["aws_cloudfront_distribution.frontend","aws_cloudfront_origin_access_control.frontend","aws_lb.main","aws_s3_bucket.frontend","aws_security_group.alb","aws_subnet.public","aws_vpc.main","data.aws_availability_zones.available","data.aws_caller_identity.current","data.aws_iam_policy_document.cloudfront_read_s3"]}]},{"mode":"managed","type":"aws_s3_bucket_public_access_block","name":"frontend","provider":"provider[\"registry.opentofu.org/hashicorp/aws\"]","instances":[{"schema_version":0,"attributes":{"block_public_acls":true,"block_public_policy":true,"bucket":"skills-dev-739489596289-frontend","id":"skills-dev-739489596289-frontend","ignore_public_acls":true,"region":"ap-southeast-6","restrict_public_buckets":true,"skip_destroy":null},"sensitive_attributes":[],"private":"bnVsbA==","dependencies":["aws_s3_bucket.frontend","data.aws_caller_identity.current"]}]},{"mode":"managed","type":"aws_security_group","name":"alb","provider":"provider[\"registry.opentofu.org/hashicorp/aws\"]","instances":[{"schema_version":1,"attributes":{"arn":"arn:aws:ec2:ap-southeast-6:739489596289:security-group/sg-00d372f5d77458104","description":"Allow web inbound to ALB","egress":[{"cidr_blocks":["0.0.0.0/0"],"description":"","from_port":0,"ipv6_cidr_blocks":[],"prefix_list_ids":[],"protocol":"-1","security_groups":[],"self":false,"to_port":0}],"id":"sg-00d372f5d77458104","ingress":[{"cidr_blocks":["0.0.0.0/0"],"description":"","from_port":443,"ipv6_cidr_blocks":[],"prefix_list_ids":[],"protocol":"tcp","security_groups":[],"self":false,"to_port":443},{"cidr_blocks":["0.0.0.0/0"],"description":"","from_port":80,"ipv6_cidr_blocks":[],"prefix_list_ids":[],"protocol":"tcp","security_groups":[],"self":false,"to_port":80}],"name":"skills-dev-alb","name_prefix":"","owner_id":"739489596289","region":"ap-southeast-6","revoke_rules_on_delete":false,"tags":{},"tags_all":{"environment":"dev","gitRepo":"https://github.com/alphafoobar/symmetrical-broccoli","managed-by":"opentofu","project":"skills","updatedAt":"2026-06-06T02:47:24Z"},"timeouts":null,"vpc_id":"vpc-07460014e58128049"},"sensitive_attributes":[],"private":"eyJlMmJmYjczMC1lY2FhLTExZTYtOGY4OC0zNDM2M2JjN2M0YzAiOnsiY3JlYXRlIjo2MDAwMDAwMDAwMDAsImRlbGV0ZSI6OTAwMDAwMDAwMDAwfSwic2NoZW1hX3ZlcnNpb24iOiIxIn0=","dependencies":["aws_vpc.main"]}]},{"mode":"managed","type":"aws_security_group","name":"app","provider":"provider[\"registry.opentofu.org/hashicorp/aws\"]","instances":[{"schema_version":1,"attributes":{"arn":"arn:aws:ec2:ap-southeast-6:739489596289:security-group/sg-0773462facacdcfde","description":"Allow inbound from ALB on port 8080","egress":[{"cidr_blocks":["0.0.0.0/0"],"description":"","from_port":0,"ipv6_cidr_blocks":[],"prefix_list_ids":[],"protocol":"-1","security_groups":[],"self":false,"to_port":0}],"id":"sg-0773462facacdcfde","ingress":[{"cidr_blocks":[],"description":"","from_port":8080,"ipv6_cidr_blocks":[],"prefix_list_ids":[],"protocol":"tcp","security_groups":["sg-00d372f5d77458104"],"self":false,"to_port":8080}],"name":"skills-dev-app","name_prefix":"","owner_id":"739489596289","region":"ap-southeast-6","revoke_rules_on_delete":false,"tags":{},"tags_all":{"environment":"dev","gitRepo":"https://github.com/alphafoobar/symmetrical-broccoli","managed-by":"opentofu","project":"skills","updatedAt":"2026-06-06T02:47:24Z"},"timeouts":null,"vpc_id":"vpc-07460014e58128049"},"sensitive_attributes":[],"private":"eyJlMmJmYjczMC1lY2FhLTExZTYtOGY4OC0zNDM2M2JjN2M0YzAiOnsiY3JlYXRlIjo2MDAwMDAwMDAwMDAsImRlbGV0ZSI6OTAwMDAwMDAwMDAwfSwic2NoZW1hX3ZlcnNpb24iOiIxIn0=","dependencies":["aws_security_group.alb","aws_vpc.main"]}]},{"mode":"managed","type":"aws_security_group","name":"cache","provider":"provider[\"registry.opentofu.org/hashicorp/aws\"]","instances":[{"schema_version":1,"attributes":{"arn":"arn:aws:ec2:ap-southeast-6:739489596289:security-group/sg-02598af379873eaae","description":"Allow inbound Valkey from the application","egress":[{"cidr_blocks":["0.0.0.0/0"],"description":"","from_port":0,"ipv6_cidr_blocks":[],"prefix_list_ids":[],"protocol":"-1","security_groups":[],"self":false,"to_port":0}],"id":"sg-02598af379873eaae","ingress":[{"cidr_blocks":[],"description":"","from_port":6379,"ipv6_cidr_blocks":[],"prefix_list_ids":[],"protocol":"tcp","security_groups":["sg-0773462facacdcfde"],"self":false,"to_port":6379}],"name":"skills-dev-cache","name_prefix":"","owner_id":"739489596289","region":"ap-southeast-6","revoke_rules_on_delete":false,"tags":{},"tags_all":{"environment":"dev","gitRepo":"https://github.com/alphafoobar/symmetrical-broccoli","managed-by":"opentofu","project":"skills","updatedAt":"2026-06-06T02:47:24Z"},"timeouts":null,"vpc_id":"vpc-07460014e58128049"},"sensitive_attributes":[],"private":"eyJlMmJmYjczMC1lY2FhLTExZTYtOGY4OC0zNDM2M2JjN2M0YzAiOnsiY3JlYXRlIjo2MDAwMDAwMDAwMDAsImRlbGV0ZSI6OTAwMDAwMDAwMDAwfSwic2NoZW1hX3ZlcnNpb24iOiIxIn0=","dependencies":["aws_security_group.alb","aws_security_group.app","aws_vpc.main"]}]},{"mode":"managed","type":"aws_security_group","name":"rds","provider":"provider[\"registry.opentofu.org/hashicorp/aws\"]","instances":[{"schema_version":1,"attributes":{"arn":"arn:aws:ec2:ap-southeast-6:739489596289:security-group/sg-0f6555c8a0c8c4c57","description":"Allow inbound PostgreSQL from the application","egress":[{"cidr_blocks":["0.0.0.0/0"],"description":"","from_port":0,"ipv6_cidr_blocks":[],"prefix_list_ids":[],"protocol":"-1","security_groups":[],"self":false,"to_port":0}],"id":"sg-0f6555c8a0c8c4c57","ingress":[{"cidr_blocks":[],"description":"","from_port":5432,"ipv6_cidr_blocks":[],"prefix_list_ids":[],"protocol":"tcp","security_groups":["sg-0773462facacdcfde"],"self":false,"to_port":5432}],"name":"skills-dev-rds","name_prefix":"","owner_id":"739489596289","region":"ap-southeast-6","revoke_rules_on_delete":false,"tags":{},"tags_all":{"environment":"dev","gitRepo":"https://github.com/alphafoobar/symmetrical-broccoli","managed-by":"opentofu","project":"skills","updatedAt":"2026-06-06T02:47:24Z"},"timeouts":null,"vpc_id":"vpc-07460014e58128049"},"sensitive_attributes":[],"private":"eyJlMmJmYjczMC1lY2FhLTExZTYtOGY4OC0zNDM2M2JjN2M0YzAiOnsiY3JlYXRlIjo2MDAwMDAwMDAwMDAsImRlbGV0ZSI6OTAwMDAwMDAwMDAwfSwic2NoZW1hX3ZlcnNpb24iOiIxIn0=","dependencies":["aws_security_group.alb","aws_security_group.app","aws_vpc.main"]}]},{"mode":"managed","type":"aws_subnet","name":"private","provider":"provider[\"registry.opentofu.org/hashicorp/aws\"]","instances":[{"index_key":0,"schema_version":1,"attributes":{"arn":"arn:aws:ec2:ap-southeast-6:739489596289:subnet/subnet-0bbdc355d9ebaef3c","assign_ipv6_address_on_creation":false,"availability_zone":"ap-southeast-6a","availability_zone_id":"apse6-az1","cidr_block":"10.0.10.0/24","customer_owned_ipv4_pool":"","enable_dns64":false,"enable_lni_at_device_index":0,"enable_resource_name_dns_a_record_on_launch":false,"enable_resource_name_dns_aaaa_record_on_launch":false,"id":"subnet-0bbdc355d9ebaef3c","ipv4_ipam_pool_id":null,"ipv4_netmask_length":null,"ipv6_cidr_block":"","ipv6_cidr_block_association_id":"","ipv6_ipam_pool_id":null,"ipv6_native":false,"ipv6_netmask_length":null,"map_customer_owned_ip_on_launch":false,"map_public_ip_on_launch":false,"outpost_arn":"","owner_id":"739489596289","private_dns_hostname_type_on_launch":"ip-name","region":"ap-southeast-6","tags":{"Name":"skills-dev-private-0"},"tags_all":{"Name":"skills-dev-private-0","environment":"dev","gitRepo":"https://github.com/alphafoobar/symmetrical-broccoli","managed-by":"opentofu","project":"skills","updatedAt":"2026-06-06T02:47:24Z"},"timeouts":null,"vpc_id":"vpc-07460014e58128049"},"sensitive_attributes":[],"private":"eyJlMmJmYjczMC1lY2FhLTExZTYtOGY4OC0zNDM2M2JjN2M0YzAiOnsiY3JlYXRlIjo2MDAwMDAwMDAwMDAsImRlbGV0ZSI6MTIwMDAwMDAwMDAwMH0sInNjaGVtYV92ZXJzaW9uIjoiMSJ9","dependencies":["aws_vpc.main","data.aws_availability_zones.available"]},{"index_key":1,"schema_version":1,"attributes":{"arn":"arn:aws:ec2:ap-southeast-6:739489596289:subnet/subnet-0e0c9192eec81a188","assign_ipv6_address_on_creation":false,"availability_zone":"ap-southeast-6b","availability_zone_id":"apse6-az2","cidr_block":"10.0.11.0/24","customer_owned_ipv4_pool":"","enable_dns64":false,"enable_lni_at_device_index":0,"enable_resource_name_dns_a_record_on_launch":false,"enable_resource_name_dns_aaaa_record_on_launch":false,"id":"subnet-0e0c9192eec81a188","ipv4_ipam_pool_id":null,"ipv4_netmask_length":null,"ipv6_cidr_block":"","ipv6_cidr_block_association_id":"","ipv6_ipam_pool_id":null,"ipv6_native":false,"ipv6_netmask_length":null,"map_customer_owned_ip_on_launch":false,"map_public_ip_on_launch":false,"outpost_arn":"","owner_id":"739489596289","private_dns_hostname_type_on_launch":"ip-name","region":"ap-southeast-6","tags":{"Name":"skills-dev-private-1"},"tags_all":{"Name":"skills-dev-private-1","environment":"dev","gitRepo":"https://github.com/alphafoobar/symmetrical-broccoli","managed-by":"opentofu","project":"skills","updatedAt":"2026-06-06T02:47:24Z"},"timeouts":null,"vpc_id":"vpc-07460014e58128049"},"sensitive_attributes":[],"private":"eyJlMmJmYjczMC1lY2FhLTExZTYtOGY4OC0zNDM2M2JjN2M0YzAiOnsiY3JlYXRlIjo2MDAwMDAwMDAwMDAsImRlbGV0ZSI6MTIwMDAwMDAwMDAwMH0sInNjaGVtYV92ZXJzaW9uIjoiMSJ9","dependencies":["aws_vpc.main","data.aws_availability_zones.available"]}]},{"mode":"managed","type":"aws_subnet","name":"public","provider":"provider[\"registry.opentofu.org/hashicorp/aws\"]","instances":[{"index_key":0,"schema_version":1,"attributes":{"arn":"arn:aws:ec2:ap-southeast-6:739489596289:subnet/subnet-02b0738ffed5b520f","assign_ipv6_address_on_creation":false,"availability_zone":"ap-southeast-6a","availability_zone_id":"apse6-az1","cidr_block":"10.0.0.0/24","customer_owned_ipv4_pool":"","enable_dns64":false,"enable_lni_at_device_index":0,"enable_resource_name_dns_a_record_on_launch":false,"enable_resource_name_dns_aaaa_record_on_launch":false,"id":"subnet-02b0738ffed5b520f","ipv4_ipam_pool_id":null,"ipv4_netmask_length":null,"ipv6_cidr_block":"","ipv6_cidr_block_association_id":"","ipv6_ipam_pool_id":null,"ipv6_native":false,"ipv6_netmask_length":null,"map_customer_owned_ip_on_launch":false,"map_public_ip_on_launch":false,"outpost_arn":"","owner_id":"739489596289","private_dns_hostname_type_on_launch":"ip-name","region":"ap-southeast-6","tags":{"Name":"skills-dev-public-0"},"tags_all":{"Name":"skills-dev-public-0","environment":"dev","gitRepo":"https://github.com/alphafoobar/symmetrical-broccoli","managed-by":"opentofu","project":"skills","updatedAt":"2026-06-06T02:47:24Z"},"timeouts":null,"vpc_id":"vpc-07460014e58128049"},"sensitive_attributes":[],"private":"eyJlMmJmYjczMC1lY2FhLTExZTYtOGY4OC0zNDM2M2JjN2M0YzAiOnsiY3JlYXRlIjo2MDAwMDAwMDAwMDAsImRlbGV0ZSI6MTIwMDAwMDAwMDAwMH0sInNjaGVtYV92ZXJzaW9uIjoiMSJ9","dependencies":["aws_vpc.main","data.aws_availability_zones.available"]},{"index_key":1,"schema_version":1,"attributes":{"arn":"arn:aws:ec2:ap-southeast-6:739489596289:subnet/subnet-0033619f66d253854","assign_ipv6_address_on_creation":false,"availability_zone":"ap-southeast-6b","availability_zone_id":"apse6-az2","cidr_block":"10.0.1.0/24","customer_owned_ipv4_pool":"","enable_dns64":false,"enable_lni_at_device_index":0,"enable_resource_name_dns_a_record_on_launch":false,"enable_resource_name_dns_aaaa_record_on_launch":false,"id":"subnet-0033619f66d253854","ipv4_ipam_pool_id":null,"ipv4_netmask_length":null,"ipv6_cidr_block":"","ipv6_cidr_block_association_id":"","ipv6_ipam_pool_id":null,"ipv6_native":false,"ipv6_netmask_length":null,"map_customer_owned_ip_on_launch":false,"map_public_ip_on_launch":false,"outpost_arn":"","owner_id":"739489596289","private_dns_hostname_type_on_launch":"ip-name","region":"ap-southeast-6","tags":{"Name":"skills-dev-public-1"},"tags_all":{"Name":"skills-dev-public-1","environment":"dev","gitRepo":"https://github.com/alphafoobar/symmetrical-broccoli","managed-by":"opentofu","project":"skills","updatedAt":"2026-06-06T02:47:24Z"},"timeouts":null,"vpc_id":"vpc-07460014e58128049"},"sensitive_attributes":[],"private":"eyJlMmJmYjczMC1lY2FhLTExZTYtOGY4OC0zNDM2M2JjN2M0YzAiOnsiY3JlYXRlIjo2MDAwMDAwMDAwMDAsImRlbGV0ZSI6MTIwMDAwMDAwMDAwMH0sInNjaGVtYV92ZXJzaW9uIjoiMSJ9","dependencies":["aws_vpc.main","data.aws_availability_zones.available"]}]},{"mode":"managed","type":"aws_vpc","name":"main","provider":"provider[\"registry.opentofu.org/hashicorp/aws\"]","instances":[{"schema_version":1,"attributes":{"arn":"arn:aws:ec2:ap-southeast-6:739489596289:vpc/vpc-07460014e58128049","assign_generated_ipv6_cidr_block":false,"cidr_block":"10.0.0.0/16","default_network_acl_id":"acl-0021b4005d53bf607","default_route_table_id":"rtb-0728bb9b1e9d03e14","default_security_group_id":"sg-0764d8c7ebb91c3f3","dhcp_options_id":"dopt-02e172dda5a360dec","enable_dns_hostnames":true,"enable_dns_support":true,"enable_network_address_usage_metrics":false,"id":"vpc-07460014e58128049","instance_tenancy":"default","ipv4_ipam_pool_id":null,"ipv4_netmask_length":null,"ipv6_association_id":"","ipv6_cidr_block":"","ipv6_cidr_block_network_border_group":"","ipv6_ipam_pool_id":"","ipv6_netmask_length":0,"main_route_table_id":"rtb-0728bb9b1e9d03e14","owner_id":"739489596289","region":"ap-southeast-6","tags":{"Name":"skills-dev"},"tags_all":{"Name":"skills-dev","environment":"dev","gitRepo":"https://github.com/alphafoobar/symmetrical-broccoli","managed-by":"opentofu","project":"skills","updatedAt":"2026-06-06T02:47:24Z"}},"sensitive_attributes":[],"private":"eyJzY2hlbWFfdmVyc2lvbiI6IjEifQ=="}]}],"check_results":null}
